
Microsoft Visual Studio Solution File, Format Version 12.00
# Visual Studio Version 17
VisualStudioVersion = 17.14.36414.22 d17.14
MinimumVisualStudioVersion = 10.0.40219.1
Project("{FAE04EC0-301F-11D3-BF4B-00C04F79EFBC}") = "ContractClaim", "ContractClaim\ContractClaim.csproj", "{4D21C2EA-80D8-4C34-85DD-8D65FB9C28DD}"
EndProject
Global
	GlobalSection(SolutionConfigurationPlatforms) = preSolution
		Debug|Any CPU = Debug|Any CPU
		Release|Any CPU = Release|Any CPU
	EndGlobalSection
	GlobalSection(ProjectConfigurationPlatforms) = postSolution
		{4D21C2EA-80D8-4C34-85DD-8D65FB9C28DD}.Debug|Any CPU.ActiveCfg = Debug|Any CPU
		{4D21C2EA-80D8-4C34-85DD-8D65FB9C28DD}.Debug|Any CPU.Build.0 = Debug|Any CPU
		{4D21C2EA-80D8-4C34-85DD-8D65FB9C28DD}.Release|Any CPU.ActiveCfg = Release|Any CPU
		{4D21C2EA-80D8-4C34-85DD-8D65FB9C28DD}.Release|Any CPU.Build.0 = Release|Any CPU
	EndGlobalSection
	GlobalSection(SolutionProperties) = preSolution
		HideSolutionNode = FALSE
	EndGlobalSection
	GlobalSection(ExtensibilityGlobals) = postSolution
		SolutionGuid = {A85E2BAD-CE1E-4EA8-AE60-FC23BCA2D3AF}
	EndGlobalSection
EndGlobal
